
Microsoft Visual Studio Solution File, Format Version 12.00
Project("{FAE04EC0-301F-11D3-BF4B-00C04F79EFBC}") = "SwitchExpressionDemos", "SwitchExpressionDemos\SwitchExpressionDemos.csproj", "{3B72143D-44F9-42CB-B9C4-BBF5DED9F57D}"
EndProject
Global
	GlobalSection(SolutionConfigurationPlatforms) = preSolution
		Debug|Any CPU = Debug|Any CPU
		Release|Any CPU = Release|Any CPU
	EndGlobalSection
	GlobalSection(ProjectConfigurationPlatforms) = postSolution
		{3B72143D-44F9-42CB-B9C4-BBF5DED9F57D}.Debug|Any CPU.ActiveCfg = Debug|Any CPU
		{3B72143D-44F9-42CB-B9C4-BBF5DED9F57D}.Debug|Any CPU.Build.0 = Debug|Any CPU
		{3B72143D-44F9-42CB-B9C4-BBF5DED9F57D}.Release|Any CPU.ActiveCfg = Release|Any CPU
		{3B72143D-44F9-42CB-B9C4-BBF5DED9F57D}.Release|Any CPU.Build.0 = Release|Any CPU
	EndGlobalSection
EndGlobal
