
Microsoft Visual Studio Solution File, Format Version 12.00
# Visual Studio 15
VisualStudioVersion = 15.0.26124.0
MinimumVisualStudioVersion = 15.0.26124.0
Project("{FAE04EC0-301F-11D3-BF4B-00C04F79EFBC}") = "NullableIntroductionExamples", "NullableIntroductionExamples\NullableIntroductionExamples.csproj", "{3C6EBC4D-4F65-424A-96EB-CB5A0D5C0FE0}"
EndProject
Project("{FAE04EC0-301F-11D3-BF4B-00C04F79EFBC}") = "NullableIntroductionExamplesStart", "NullableIntroductionExamplesStart\NullableIntroductionExamplesStart.csproj", "{067A96F3-A8AE-4F18-A5D7-FF7AAED7C0C3}"
EndProject
Project("{FAE04EC0-301F-11D3-BF4B-00C04F79EFBC}") = "NullableSurveyExample", "NullableSurveyExample\NullableSurveyExample.csproj", "{CFA8FE1B-E2A0-48CB-A659-F4E3FA764584}"
EndProject
Global
	GlobalSection(SolutionConfigurationPlatforms) = preSolution
		Debug|Any CPU = Debug|Any CPU
		Debug|x64 = Debug|x64
		Debug|x86 = Debug|x86
		Release|Any CPU = Release|Any CPU
		Release|x64 = Release|x64
		Release|x86 = Release|x86
	EndGlobalSection
	GlobalSection(SolutionProperties) = preSolution
		HideSolutionNode = FALSE
	EndGlobalSection
	GlobalSection(ProjectConfigurationPlatforms) = postSolution
		{3C6EBC4D-4F65-424A-96EB-CB5A0D5C0FE0}.Debug|Any CPU.ActiveCfg = Debug|Any CPU
		{3C6EBC4D-4F65-424A-96EB-CB5A0D5C0FE0}.Debug|Any CPU.Build.0 = Debug|Any CPU
		{3C6EBC4D-4F65-424A-96EB-CB5A0D5C0FE0}.Debug|x64.ActiveCfg = Debug|Any CPU
		{3C6EBC4D-4F65-424A-96EB-CB5A0D5C0FE0}.Debug|x64.Build.0 = Debug|Any CPU
		{3C6EBC4D-4F65-424A-96EB-CB5A0D5C0FE0}.Debug|x86.ActiveCfg = Debug|Any CPU
		{3C6EBC4D-4F65-424A-96EB-CB5A0D5C0FE0}.Debug|x86.Build.0 = Debug|Any CPU
		{3C6EBC4D-4F65-424A-96EB-CB5A0D5C0FE0}.Release|Any CPU.ActiveCfg = Release|Any CPU
		{3C6EBC4D-4F65-424A-96EB-CB5A0D5C0FE0}.Release|Any CPU.Build.0 = Release|Any CPU
		{3C6EBC4D-4F65-424A-96EB-CB5A0D5C0FE0}.Release|x64.ActiveCfg = Release|Any CPU
		{3C6EBC4D-4F65-424A-96EB-CB5A0D5C0FE0}.Release|x64.Build.0 = Release|Any CPU
		{3C6EBC4D-4F65-424A-96EB-CB5A0D5C0FE0}.Release|x86.ActiveCfg = Release|Any CPU
		{3C6EBC4D-4F65-424A-96EB-CB5A0D5C0FE0}.Release|x86.Build.0 = Release|Any CPU
		{067A96F3-A8AE-4F18-A5D7-FF7AAED7C0C3}.Debug|Any CPU.ActiveCfg = Debug|Any CPU
		{067A96F3-A8AE-4F18-A5D7-FF7AAED7C0C3}.Debug|Any CPU.Build.0 = Debug|Any CPU
		{067A96F3-A8AE-4F18-A5D7-FF7AAED7C0C3}.Debug|x64.ActiveCfg = Debug|Any CPU
		{067A96F3-A8AE-4F18-A5D7-FF7AAED7C0C3}.Debug|x64.Build.0 = Debug|Any CPU
		{067A96F3-A8AE-4F18-A5D7-FF7AAED7C0C3}.Debug|x86.ActiveCfg = Debug|Any CPU
		{067A96F3-A8AE-4F18-A5D7-FF7AAED7C0C3}.Debug|x86.Build.0 = Debug|Any CPU
		{067A96F3-A8AE-4F18-A5D7-FF7AAED7C0C3}.Release|Any CPU.ActiveCfg = Release|Any CPU
		{067A96F3-A8AE-4F18-A5D7-FF7AAED7C0C3}.Release|Any CPU.Build.0 = Release|Any CPU
		{067A96F3-A8AE-4F18-A5D7-FF7AAED7C0C3}.Release|x64.ActiveCfg = Release|Any CPU
		{067A96F3-A8AE-4F18-A5D7-FF7AAED7C0C3}.Release|x64.Build.0 = Release|Any CPU
		{067A96F3-A8AE-4F18-A5D7-FF7AAED7C0C3}.Release|x86.ActiveCfg = Release|Any CPU
		{067A96F3-A8AE-4F18-A5D7-FF7AAED7C0C3}.Release|x86.Build.0 = Release|Any CPU
		{CFA8FE1B-E2A0-48CB-A659-F4E3FA764584}.Debug|Any CPU.ActiveCfg = Debug|Any CPU
		{CFA8FE1B-E2A0-48CB-A659-F4E3FA764584}.Debug|Any CPU.Build.0 = Debug|Any CPU
		{CFA8FE1B-E2A0-48CB-A659-F4E3FA764584}.Debug|x64.ActiveCfg = Debug|Any CPU
		{CFA8FE1B-E2A0-48CB-A659-F4E3FA764584}.Debug|x64.Build.0 = Debug|Any CPU
		{CFA8FE1B-E2A0-48CB-A659-F4E3FA764584}.Debug|x86.ActiveCfg = Debug|Any CPU
		{CFA8FE1B-E2A0-48CB-A659-F4E3FA764584}.Debug|x86.Build.0 = Debug|Any CPU
		{CFA8FE1B-E2A0-48CB-A659-F4E3FA764584}.Release|Any CPU.ActiveCfg = Release|Any CPU
		{CFA8FE1B-E2A0-48CB-A659-F4E3FA764584}.Release|Any CPU.Build.0 = Release|Any CPU
		{CFA8FE1B-E2A0-48CB-A659-F4E3FA764584}.Release|x64.ActiveCfg = Release|Any CPU
		{CFA8FE1B-E2A0-48CB-A659-F4E3FA764584}.Release|x64.Build.0 = Release|Any CPU
		{CFA8FE1B-E2A0-48CB-A659-F4E3FA764584}.Release|x86.ActiveCfg = Release|Any CPU
		{CFA8FE1B-E2A0-48CB-A659-F4E3FA764584}.Release|x86.Build.0 = Release|Any CPU
	EndGlobalSection
EndGlobal
